
Microsoft Visual Studio Solution File, Format Version 12.00
# Visual Studio Version 17
VisualStudioVersion = 17.10.34928.147
MinimumVisualStudioVersion = 10.0.40219.1
Project("{9A19103F-16F7-4668-BE54-9A1E7A4F7556}") = "ProductCatalog.Web", "ProductCatalog\ProductCatalog.Web.csproj", "{D77D4805-1099-44D8-8DD1-366162B573B3}"
EndProject
Project("{9A19103F-16F7-4668-BE54-9A1E7A4F7556}") = "ProductCatalog.Data", "ProductCatalog.Data\ProductCatalog.Data.csproj", "{11A1D407-0316-4E2C-9D06-65878FC317FB}"
EndProject
Project("{9A19103F-16F7-4668-BE54-9A1E7A4F7556}") = "ProductCatalog.Repo", "ProductCatalog.Repo\ProductCatalog.Repo.csproj", "{DA9D82A5-A517-49F4-B2D4-06B0398F9F45}"
EndProject
Project("{9A19103F-16F7-4668-BE54-9A1E7A4F7556}") = "ProductCatalog.Service", "ProductCatalog.Service\ProductCatalog.Service.csproj", "{122568AA-301A-4927-B78B-86F9D86C432E}"
EndProject
Project("{FAE04EC0-301F-11D3-BF4B-00C04F79EFBC}") = "ProductCatalog.Test", "ProductCatalog.Test\ProductCatalog.Test.csproj", "{48BD39E4-AD9B-4914-BF3D-6EDE403DA7EB}"
EndProject
Global
	GlobalSection(SolutionConfigurationPlatforms) = preSolution
		Debug|Any CPU = Debug|Any CPU
		Release|Any CPU = Release|Any CPU
	EndGlobalSection
	GlobalSection(ProjectConfigurationPlatforms) = postSolution
		{D77D4805-1099-44D8-8DD1-366162B573B3}.Debug|Any CPU.ActiveCfg = Debug|Any CPU
		{D77D4805-1099-44D8-8DD1-366162B573B3}.Debug|Any CPU.Build.0 = Debug|Any CPU
		{D77D4805-1099-44D8-8DD1-366162B573B3}.Release|Any CPU.ActiveCfg = Release|Any CPU
		{D77D4805-1099-44D8-8DD1-366162B573B3}.Release|Any CPU.Build.0 = Release|Any CPU
		{11A1D407-0316-4E2C-9D06-65878FC317FB}.Debug|Any CPU.ActiveCfg = Debug|Any CPU
		{11A1D407-0316-4E2C-9D06-65878FC317FB}.Debug|Any CPU.Build.0 = Debug|Any CPU
		{11A1D407-0316-4E2C-9D06-65878FC317FB}.Release|Any CPU.ActiveCfg = Release|Any CPU
		{11A1D407-0316-4E2C-9D06-65878FC317FB}.Release|Any CPU.Build.0 = Release|Any CPU
		{DA9D82A5-A517-49F4-B2D4-06B0398F9F45}.Debug|Any CPU.ActiveCfg = Debug|Any CPU
		{DA9D82A5-A517-49F4-B2D4-06B0398F9F45}.Debug|Any CPU.Build.0 = Debug|Any CPU
		{DA9D82A5-A517-49F4-B2D4-06B0398F9F45}.Release|Any CPU.ActiveCfg = Release|Any CPU
		{DA9D82A5-A517-49F4-B2D4-06B0398F9F45}.Release|Any CPU.Build.0 = Release|Any CPU
		{122568AA-301A-4927-B78B-86F9D86C432E}.Debug|Any CPU.ActiveCfg = Debug|Any CPU
		{122568AA-301A-4927-B78B-86F9D86C432E}.Debug|Any CPU.Build.0 = Debug|Any CPU
		{122568AA-301A-4927-B78B-86F9D86C432E}.Release|Any CPU.ActiveCfg = Release|Any CPU
		{122568AA-301A-4927-B78B-86F9D86C432E}.Release|Any CPU.Build.0 = Release|Any CPU
		{48BD39E4-AD9B-4914-BF3D-6EDE403DA7EB}.Debug|Any CPU.ActiveCfg = Debug|Any CPU
		{48BD39E4-AD9B-4914-BF3D-6EDE403DA7EB}.Debug|Any CPU.Build.0 = Debug|Any CPU
		{48BD39E4-AD9B-4914-BF3D-6EDE403DA7EB}.Release|Any CPU.ActiveCfg = Release|Any CPU
		{48BD39E4-AD9B-4914-BF3D-6EDE403DA7EB}.Release|Any CPU.Build.0 = Release|Any CPU
	EndGlobalSection
	GlobalSection(SolutionProperties) = preSolution
		HideSolutionNode = FALSE
	EndGlobalSection
	GlobalSection(ExtensibilityGlobals) = postSolution
		SolutionGuid = {5885BEC7-684A-4F7C-B327-7D392E27BFBF}
	EndGlobalSection
EndGlobal
